Microsoft Visual Studio Solution File, Format Version 12.00
# Visual Studio Version 18
VisualStudioVersion = 18.6.11709.129
MinimumVisualStudioVersion = 10.0.40219.1
Project("{9A19103F-16F7-4668-BE54-9A1E7A4F7556}") = "Logging", "src\Logging\Logging.csproj", "{2A620BB8-CFD5-4E3E-AA50-E31E74CCDAFB}"
EndProject
Project("{9A19103F-16F7-4668-BE54-9A1E7A4F7556}") = "Logging.UnitTests", "tests\Logging.UnitTests\Logging.UnitTests.csproj", "{ABE734D1-335C-4282-83D5-3FD079ACF86E}"
EndProject
Project("{2150E333-8FDC-42A3-9474-1A3956D46DE8}") = "Solution Folder", "Solution Folder", "{4F61F403-4674-487B-ABF4-EE50B96981C1}"
	ProjectSection(SolutionItems) = preProject
		.editorconfig = .editorconfig
		.gitattributes = .gitattributes
		.gitignore = .gitignore
		.github\workflows\ci.yml = .github\workflows\ci.yml
		.github\workflows\dependency-review.yml = .github\workflows\dependency-review.yml
		.github\workflows\publish-nuget.yml = .github\workflows\publish-nuget.yml
		Directory.Packages.props = Directory.Packages.props
		global.json = global.json
		LICENSE = LICENSE
		README.md = README.md
	EndProjectSection
EndProject
Project("{2150E333-8FDC-42A3-9474-1A3956D46DE8}") = "src", "src", "{DC4337D4-7797-44F7-AD1F-4A640A4E49D9}"
EndProject
Project("{2150E333-8FDC-42A3-9474-1A3956D46DE8}") = "tests", "tests", "{D196C703-6673-4DC9-84E9-BB492024AAD2}"
EndProject
Project("{2150E333-8FDC-42A3-9474-1A3956D46DE8}") = "samples", "samples", "{2C5AB38F-8197-4B93-AC0A-2182F5FAC5D3}"
EndProject
Project("{9A19103F-16F7-4668-BE54-9A1E7A4F7556}") = "Logging.Samples.Console", "samples\Logging.Samples.Console\Logging.Samples.Console.csproj", "{760016A3-B00E-4019-AC73-9C4972F33654}"
EndProject
Project("{2150E333-8FDC-42A3-9474-1A3956D46DE8}") = "benchmarks", "benchmarks", "{4F208057-661E-4B8F-AD0C-9F56F92C6B00}"
EndProject
Project("{9A19103F-16F7-4668-BE54-9A1E7A4F7556}") = "Logging.Benchmarks", "benchmarks\Logging.Benchmarks\Logging.Benchmarks.csproj", "{21E0031D-A850-4946-9587-D3738F97A295}"
EndProject
Global
	GlobalSection(SolutionConfigurationPlatforms) = preSolution
		Debug|Any CPU = Debug|Any CPU
		Release|Any CPU = Release|Any CPU
	EndGlobalSection
	GlobalSection(ProjectConfigurationPlatforms) = postSolution
		{2A620BB8-CFD5-4E3E-AA50-E31E74CCDAFB}.Debug|Any CPU.ActiveCfg = Debug|Any CPU
		{2A620BB8-CFD5-4E3E-AA50-E31E74CCDAFB}.Debug|Any CPU.Build.0 = Debug|Any CPU
		{2A620BB8-CFD5-4E3E-AA50-E31E74CCDAFB}.Release|Any CPU.ActiveCfg = Release|Any CPU
		{2A620BB8-CFD5-4E3E-AA50-E31E74CCDAFB}.Release|Any CPU.Build.0 = Release|Any CPU
		{ABE734D1-335C-4282-83D5-3FD079ACF86E}.Debug|Any CPU.ActiveCfg = Debug|Any CPU
		{ABE734D1-335C-4282-83D5-3FD079ACF86E}.Debug|Any CPU.Build.0 = Debug|Any CPU
		{ABE734D1-335C-4282-83D5-3FD079ACF86E}.Release|Any CPU.ActiveCfg = Release|Any CPU
		{ABE734D1-335C-4282-83D5-3FD079ACF86E}.Release|Any CPU.Build.0 = Release|Any CPU
		{760016A3-B00E-4019-AC73-9C4972F33654}.Debug|Any CPU.ActiveCfg = Debug|Any CPU
		{760016A3-B00E-4019-AC73-9C4972F33654}.Debug|Any CPU.Build.0 = Debug|Any CPU
		{760016A3-B00E-4019-AC73-9C4972F33654}.Release|Any CPU.ActiveCfg = Release|Any CPU
		{760016A3-B00E-4019-AC73-9C4972F33654}.Release|Any CPU.Build.0 = Release|Any CPU
		{21E0031D-A850-4946-9587-D3738F97A295}.Debug|Any CPU.ActiveCfg = Debug|Any CPU
		{21E0031D-A850-4946-9587-D3738F97A295}.Debug|Any CPU.Build.0 = Debug|Any CPU
		{21E0031D-A850-4946-9587-D3738F97A295}.Release|Any CPU.ActiveCfg = Release|Any CPU
		{21E0031D-A850-4946-9587-D3738F97A295}.Release|Any CPU.Build.0 = Release|Any CPU
	EndGlobalSection
	GlobalSection(SolutionProperties) = preSolution
		HideSolutionNode = FALSE
	EndGlobalSection
	GlobalSection(NestedProjects) = preSolution
		{2A620BB8-CFD5-4E3E-AA50-E31E74CCDAFB} = {DC4337D4-7797-44F7-AD1F-4A640A4E49D9}
		{ABE734D1-335C-4282-83D5-3FD079ACF86E} = {D196C703-6673-4DC9-84E9-BB492024AAD2}
		{760016A3-B00E-4019-AC73-9C4972F33654} = {2C5AB38F-8197-4B93-AC0A-2182F5FAC5D3}
		{21E0031D-A850-4946-9587-D3738F97A295} = {4F208057-661E-4B8F-AD0C-9F56F92C6B00}
	EndGlobalSection
	GlobalSection(ExtensibilityGlobals) = postSolution
		SolutionGuid = {97704BBA-CEC8-427B-AA17-7D1D4606EF5E}
	EndGlobalSection
EndGlobal
